
Microsoft Visual Studio Solution File, Format Version 12.00
# Visual Studio Version 17
VisualStudioVersion = 17.10.34928.147
MinimumVisualStudioVersion = 10.0.40219.1
Project("{FAE04EC0-301F-11D3-BF4B-00C04F79EFBC}") = "2212367_lab2_vd1", "2212367_lab2_vd1.csproj", "{4C85F89D-F3F9-4D98-99F3-4E5C47F69574}"
EndProject
Project("{FAE04EC0-301F-11D3-BF4B-00C04F79EFBC}") = "2212367_lab2_vd2", "..\2212367_lab2_vd2\2212367_lab2_vd2.csproj", "{AC65CB30-54A7-4AF1-BCDB-B1F833FF5D6A}"
EndProject
Global
	GlobalSection(SolutionConfigurationPlatforms) = preSolution
		Debug|Any CPU = Debug|Any CPU
		Release|Any CPU = Release|Any CPU
	EndGlobalSection
	GlobalSection(ProjectConfigurationPlatforms) = postSolution
		{4C85F89D-F3F9-4D98-99F3-4E5C47F69574}.Debug|Any CPU.ActiveCfg = Debug|Any CPU
		{4C85F89D-F3F9-4D98-99F3-4E5C47F69574}.Debug|Any CPU.Build.0 = Debug|Any CPU
		{4C85F89D-F3F9-4D98-99F3-4E5C47F69574}.Release|Any CPU.ActiveCfg = Release|Any CPU
		{4C85F89D-F3F9-4D98-99F3-4E5C47F69574}.Release|Any CPU.Build.0 = Release|Any CPU
		{AC65CB30-54A7-4AF1-BCDB-B1F833FF5D6A}.Debug|Any CPU.ActiveCfg = Debug|Any CPU
		{AC65CB30-54A7-4AF1-BCDB-B1F833FF5D6A}.Debug|Any CPU.Build.0 = Debug|Any CPU
		{AC65CB30-54A7-4AF1-BCDB-B1F833FF5D6A}.Release|Any CPU.ActiveCfg = Release|Any CPU
		{AC65CB30-54A7-4AF1-BCDB-B1F833FF5D6A}.Release|Any CPU.Build.0 = Release|Any CPU
	EndGlobalSection
	GlobalSection(SolutionProperties) = preSolution
		HideSolutionNode = FALSE
	EndGlobalSection
	GlobalSection(ExtensibilityGlobals) = postSolution
		SolutionGuid = {EEBC36A4-A273-464B-A1E6-1F0C00FC5CE3}
	EndGlobalSection
EndGlobal
